// !$*UTF8*$!
{
	archiveVersion = 1;
	classes = {
	};
	objectVersion = 54;
	objects = {

/* Begin PBXBuildFile section */
		2E309EC32A313D5D00B1C34E /* AppDelegate.swift in Sources */ = {isa = PBXBuildFile; fileRef = 2E309EC22A313D5D00B1C34E /* AppDelegate.swift */; };
		2E309EC52A313D5D00B1C34E /* SceneDelegate.swift in Sources */ = {isa = PBXBuildFile; fileRef = 2E309EC42A313D5D00B1C34E /* SceneDelegate.swift */; };
		2E309EC72A313D5D00B1C34E /* ViewController.swift in Sources */ = {isa = PBXBuildFile; fileRef = 2E309EC62A313D5D00B1C34E /* ViewController.swift */; };
		2E309ECC2A313D5E00B1C34E /* Assets.xcassets in Resources */ = {isa = PBXBuildFile; fileRef = 2E309ECB2A313D5E00B1C34E /* Assets.xcassets */; };
		2E309ECF2A313D5E00B1C34E /* LaunchScreen.storyboard in Resources */ = {isa = PBXBuildFile; fileRef = 2E309ECD2A313D5E00B1C34E /* LaunchScreen.storyboard */; };
		2E309EDE2A314BF600B1C34E /* Bird.swift in Sources */ = {isa = PBXBuildFile; fileRef = 2E309EDD2A314BF600B1C34E /* Bird.swift */; };
		F4A871B72C58E9E300BAA722 /* BirdTableViewCell.swift in Sources */ = {isa = PBXBuildFile; fileRef = F4A871B62C58E9E300BAA722 /* BirdTableViewCell.swift */; };
/* End PBXBuildFile section */

/* Begin PBXFileReference section */
		2E309EBF2A313D5D00B1C34E /* lec4.app */ = {isa = PBXFileReference; explicitFileType = wrapper.application; includeInIndex = 0; path = lec4.app; sourceTree = BUILT_PRODUCTS_DIR; };
		2E309EC22A313D5D00B1C34E /* AppDelegate.swift */ = {isa = PBXFileReference; lastKnownFileType = sourcecode.swift; path = AppDelegate.swift; sourceTree = "<group>"; };
		2E309EC42A313D5D00B1C34E /* SceneDelegate.swift */ = {isa = PBXFileReference; lastKnownFileType = sourcecode.swift; path = SceneDelegate.swift; sourceTree = "<group>"; };
		2E309EC62A313D5D00B1C34E /* ViewController.swift */ = {isa = PBXFileReference; lastKnownFileType = sourcecode.swift; path = ViewController.swift; sourceTree = "<group>"; };
		2E309ECB2A313D5E00B1C34E /* Assets.xcassets */ = {isa = PBXFileReference; lastKnownFileType = folder.assetcatalog; path = Assets.xcassets; sourceTree = "<group>"; };
		2E309ECE2A313D5E00B1C34E /* Base */ = {isa = PBXFileReference; lastKnownFileType = file.storyboard; name = Base; path = Base.lproj/LaunchScreen.storyboard; sourceTree = "<group>"; };
		2E309ED02A313D5E00B1C34E /* Info.plist */ = {isa = PBXFileReference; lastKnownFileType = text.plist.xml; path = Info.plist; sourceTree = "<group>"; };
		2E309EDD2A314BF600B1C34E /* Bird.swift */ = {isa = PBXFileReference; lastKnownFileType = sourcecode.swift; path = Bird.swift; sourceTree = "<group>"; };
		F4A871B62C58E9E300BAA722 /* BirdTableViewCell.swift */ = {isa = PBXFileReference; lastKnownFileType = sourcecode.swift; name = BirdTableViewCell.swift; path = lec4/BirdTableViewCell.swift; sourceTree = SOURCE_ROOT; };
/* End PBXFileReference section */

/* Begin PBXFrameworksBuildPhase section */
		2E309EBC2A313D5D00B1C34E /* Frameworks */ = {
			isa = PBXFrameworksBuildPhase;
			buildActionMask = 2147483647;
			files = (
			);
			runOnlyForDeploymentPostprocessing = 0;
		};
/* End PBXFrameworksBuildPhase section */

/* Begin PBXGroup section */
		2E309EB62A313D5D00B1C34E = {
			isa = PBXGroup;
			children = (
				2E309EC12A313D5D00B1C34E /* lec4 */,
				2E309EC02A313D5D00B1C34E /* Products */,
			);
			sourceTree = "<group>";
		};
		2E309EC02A313D5D00B1C34E /* Products */ = {
			isa = PBXGroup;
			children = (
				2E309EBF2A313D5D00B1C34E /* lec4.app */,
			);
			name = Products;
			sourceTree = "<group>";
		};
		2E309EC12A313D5D00B1C34E /* lec4 */ = {
			isa = PBXGroup;
			children = (
				2E309EDA2A314BBB00B1C34E /* Controllers */,
				2E309ED92A314BB700B1C34E /* Models */,
				2E309EDB2A314BC100B1C34E /* Views */,
				2E309EDC2A314BC600B1C34E /* Supporting */,
				2E309ED02A313D5E00B1C34E /* Info.plist */,
			);
			path = lec4;
			sourceTree = "<group>";
		};
		2E309ED92A314BB700B1C34E /* Models */ = {
			isa = PBXGroup;
			children = (
				2E309EDD2A314BF600B1C34E /* Bird.swift */,
			);
			path = Models;
			sourceTree = "<group>";
		};
		2E309EDA2A314BBB00B1C34E /* Controllers */ = {
			isa = PBXGroup;
			children = (
				2E309EC62A313D5D00B1C34E /* ViewController.swift */,
			);
			path = Controllers;
			sourceTree = "<group>";
		};
		2E309EDB2A314BC100B1C34E /* Views */ = {
			isa = PBXGroup;
			children = (
				F4A871B62C58E9E300BAA722 /* BirdTableViewCell.swift */,
			);
			path = Views;
			sourceTree = "<group>";
		};
		2E309EDC2A314BC600B1C34E /* Supporting */ = {
			isa = PBXGroup;
			children = (
				2E309EC22A313D5D00B1C34E /* AppDelegate.swift */,
				2E309EC42A313D5D00B1C34E /* SceneDelegate.swift */,
				2E309ECD2A313D5E00B1C34E /* LaunchScreen.storyboard */,
				2E309ECB2A313D5E00B1C34E /* Assets.xcassets */,
			);
			path = Supporting;
			sourceTree = "<group>";
		};
/* End PBXGroup section */

/* Begin PBXNativeTarget section */
		2E309EBE2A313D5D00B1C34E /* lec4 */ = {
			isa = PBXNativeTarget;
			buildConfigurationList = 2E309ED32A313D5E00B1C34E /* Build configuration list for PBXNativeTarget "lec4" */;
			buildPhases = (
				2E309EBB2A313D5D00B1C34E /* Sources */,
				2E309EBC2A313D5D00B1C34E /* Frameworks */,
				2E309EBD2A313D5D00B1C34E /* Resources */,
			);
			buildRules = (
			);
			dependencies = (
			);
			name = lec4;
			productName = lec4;
			productReference = 2E309EBF2A313D5D00B1C34E /* lec4.app */;
			productType = "com.apple.product-type.application";
		};
/* End PBXNativeTarget section */

/* Begin PBXProject section */
		2E309EB72A313D5D00B1C34E /* Project object */ = {
			isa = PBXProject;
			attributes = {
				BuildIndependentTargetsInParallel = 1;
				LastSwiftUpdateCheck = 1430;
				LastUpgradeCheck = 1430;
				TargetAttributes = {
					2E309EBE2A313D5D00B1C34E = {
						CreatedOnToolsVersion = 14.3;
					};
				};
			};
			buildConfigurationList = 2E309EBA2A313D5D00B1C34E /* Build configuration list for PBXProject "lec4" */;
			compatibilityVersion = "Xcode 11.0";
			developmentRegion = en;
			hasScannedForEncodings = 0;
			knownRegions = (
				en,
				Base,
			);
			mainGroup = 2E309EB62A313D5D00B1C34E;
			productRefGroup = 2E309EC02A313D5D00B1C34E /* Products */;
			projectDirPath = "";
			projectRoot = "";
			targets = (
				2E309EBE2A313D5D00B1C34E /* lec4 */,
			);
		};
/* End PBXProject section */

/* Begin PBXResourcesBuildPhase section */
		2E309EBD2A313D5D00B1C34E /* Resources */ = {
			isa = PBXResourcesBuildPhase;
			buildActionMask = 2147483647;
			files = (
				2E309ECF2A313D5E00B1C34E /* LaunchScreen.storyboard in Resources */,
				2E309ECC2A313D5E00B1C34E /* Assets.xcassets in Resources */,
			);
			runOnlyForDeploymentPostprocessing = 0;
		};
/* End PBXResourcesBuildPhase section */

/* Begin PBXSourcesBuildPhase section */
		2E309EBB2A313D5D00B1C34E /* Sources */ = {
			isa = PBXSourcesBuildPhase;
			buildActionMask = 2147483647;
			files = (
				2E309EC72A313D5D00B1C34E /* ViewController.swift in Sources */,
				F4A871B72C58E9E300BAA722 /* BirdTableViewCell.swift in Sources */,
				2E309EC32A313D5D00B1C34E /* AppDelegate.swift in Sources */,
				2E309EDE2A314BF600B1C34E /* Bird.swift in Sources */,
				2E309EC52A313D5D00B1C34E /* SceneDelegate.swift in Sources */,
			);
			runOnlyForDeploymentPostprocessing = 0;
		};
/* End PBXSourcesBuildPhase section */

/* Begin PBXVariantGroup section */
		2E309ECD2A313D5E00B1C34E /* LaunchScreen.storyboard */ = {
			isa = PBXVariantGroup;
			children = (
				2E309ECE2A313D5E00B1C34E /* Base */,
			);
			name = LaunchScreen.storyboard;
			sourceTree = "<group>";
		};
/* End PBXVariantGroup section */

/* Begin XCBuildConfiguration section */
		2E309ED12A313D5E00B1C34E /* Debug */ = {
			isa = XCBuildConfiguration;
			buildSettings = {
				ALWAYS_SEARCH_USER_PATHS = NO;
				CLANG_ANALYZER_NONNULL = YES;
				CLANG_ANALYZER_NUMBER_OBJECT_CONVERSION = YES_AGGRESSIVE;
				CLANG_CXX_LANGUAGE_STANDARD = "gnu++20";
				CLANG_ENABLE_MODULES = YES;
				CLANG_ENABLE_OBJC_ARC = YES;
				CLANG_ENABLE_OBJC_WEAK = YES;
				CLANG_WARN_BLOCK_CAPTURE_AUTORELEASING = YES;
				CLANG_WARN_BOOL_CONVERSION = YES;
				CLANG_WARN_COMMA = YES;
				CLANG_WARN_CONSTANT_CONVERSION = YES;
				CLANG_WARN_DEPRECATED_OBJC_IMPLEMENTATIONS = YES;
				CLANG_WARN_DIRECT_OBJC_ISA_USAGE = YES_ERROR;
				CLANG_WARN_DOCUMENTATION_COMMENTS = YES;
				CLANG_WARN_EMPTY_BODY = YES;
				CLANG_WARN_ENUM_CONVERSION = YES;
				CLANG_WARN_INFINITE_RECURSION = YES;
				CLANG_WARN_INT_CONVERSION = YES;
				CLANG_WARN_NON_LITERAL_NULL_CONVERSION = YES;
				CLANG_WARN_OBJC_IMPLICIT_RETAIN_SELF = YES;
				CLANG_WARN_OBJC_LITERAL_CONVERSION = YES;
				CLANG_WARN_OBJC_ROOT_CLASS = YES_ERROR;
				CLANG_WARN_QUOTED_INCLUDE_IN_FRAMEWORK_HEADER = YES;
				CLANG_WARN_RANGE_LOOP_ANALYSIS = YES;
				CLANG_WARN_STRICT_PROTOTYPES = YES;
				CLANG_WARN_SUSPICIOUS_MOVE = YES;
				CLANG_WARN_UNGUARDED_AVAILABILITY = YES_AGGRESSIVE;
				CLANG_WARN_UNREACHABLE_CODE = YES;
				CLANG_WARN__DUPLICATE_METHOD_MATCH = YES;
				COPY_PHASE_STRIP = NO;
				DEBUG_INFORMATION_FORMAT = dwarf;
				ENABLE_STRICT_OBJC_MSGSEND = YES;
				ENABLE_TESTABILITY = YES;
				GCC_C_LANGUAGE_STANDARD = gnu11;
				GCC_DYNAMIC_NO_PIC = NO;
				GCC_NO_COMMON_BLOCKS = YES;
				GCC_OPTIMIZATION_LEVEL = 0;
				GCC_PREPROCESSOR_DEFINITIONS = (
					"DEBUG=1",
					"$(inherited)",
				);
				GCC_WARN_64_TO_32_BIT_CONVERSION = YES;
				GCC_WARN_ABOUT_RETURN_TYPE = YES_ERROR;
				GCC_WARN_UNDECLARED_SELECTOR = YES;
				GCC_WARN_UNINITIALIZED_AUTOS = YES_AGGRESSIVE;
				GCC_WARN_UNUSED_FUNCTION = YES;
				GCC_WARN_UNUSED_VARIABLE = YES;
				IPHONEOS_DEPLOYMENT_TARGET = 14.0;
				MTL_ENABLE_DEBUG_INFO = INCLUDE_SOURCE;
				MTL_FAST_MATH = YES;
				ONLY_ACTIVE_ARCH = YES;
				SDKROOT = iphoneos;
				SWIFT_ACTIVE_COMPILATION_CONDITIONS = DEBUG;
				SWIFT_OPTIMIZATION_LEVEL = "-Onone";
			};
			name = Debug;
		};
		2E309ED22A313D5E00B1C34E /* Release */ = {
			isa = XCBuildConfiguration;
			buildSettings = {
				ALWAYS_SEARCH_USER_PATHS = NO;
				CLANG_ANALYZER_NONNULL = YES;
				CLANG_ANALYZER_NUMBER_OBJECT_CONVERSION = YES_AGGRESSIVE;
				CLANG_CXX_LANGUAGE_STANDARD = "gnu++20";
				CLANG_ENABLE_MODULES = YES;
				CLANG_ENABLE_OBJC_ARC = YES;
				CLANG_ENABLE_OBJC_WEAK = YES;
				CLANG_WARN_BLOCK_CAPTURE_AUTORELEASING = YES;
				CLANG_WARN_BOOL_CONVERSION = YES;
				CLANG_WARN_COMMA = YES;
				CLANG_WARN_CONSTANT_CONVERSION = YES;
				CLANG_WARN_DEPRECATED_OBJC_IMPLEMENTATIONS = YES;
				CLANG_WARN_DIRECT_OBJC_ISA_USAGE = YES_ERROR;
				CLANG_WARN_DOCUMENTATION_COMMENTS = YES;
				CLANG_WARN_EMPTY_BODY = YES;
				CLANG_WARN_ENUM_CONVERSION = YES;
				CLANG_WARN_INFINITE_RECURSION = YES;
				CLANG_WARN_INT_CONVERSION = YES;
				CLANG_WARN_NON_LITERAL_NULL_CONVERSION = YES;
				CLANG_WARN_OBJC_IMPLICIT_RETAIN_SELF = YES;
				CLANG_WARN_OBJC_LITERAL_CONVERSION = YES;
				CLANG_WARN_OBJC_ROOT_CLASS = YES_ERROR;
				CLANG_WARN_QUOTED_INCLUDE_IN_FRAMEWORK_HEADER = YES;
				CLANG_WARN_RANGE_LOOP_ANALYSIS = YES;
				CLANG_WARN_STRICT_PROTOTYPES = YES;
				CLANG_WARN_SUSPICIOUS_MOVE = YES;
				CLANG_WARN_UNGUARDED_AVAILABILITY = YES_AGGRESSIVE;
				CLANG_WARN_UNREACHABLE_CODE = YES;
				CLANG_WARN__DUPLICATE_METHOD_MATCH = YES;
				COPY_PHASE_STRIP = NO;
				DEBUG_INFORMATION_FORMAT = "dwarf-with-dsym";
				ENABLE_NS_ASSERTIONS = NO;
				ENABLE_STRICT_OBJC_MSGSEND = YES;
				GCC_C_LANGUAGE_STANDARD = gnu11;
				GCC_NO_COMMON_BLOCKS = YES;
				GCC_WARN_64_TO_32_BIT_CONVERSION = YES;
				GCC_WARN_ABOUT_RETURN_TYPE = YES_ERROR;
				GCC_WARN_UNDECLARED_SELECTOR = YES;
				GCC_WARN_UNINITIALIZED_AUTOS = YES_AGGRESSIVE;
				GCC_WARN_UNUSED_FUNCTION = YES;
				GCC_WARN_UNUSED_VARIABLE = YES;
				IPHONEOS_DEPLOYMENT_TARGET = 14.0;
				MTL_ENABLE_DEBUG_INFO = NO;
				MTL_FAST_MATH = YES;
				SDKROOT = iphoneos;
				SWIFT_COMPILATION_MODE = wholemodule;
				SWIFT_OPTIMIZATION_LEVEL = "-O";
				VALIDATE_PRODUCT = YES;
			};
			name = Release;
		};
		2E309ED42A313D5E00B1C34E /* Debug */ = {
			isa = XCBuildConfiguration;
			buildSettings = {
				ASSETCATALOG_COMPILER_APPICON_NAME = AppIcon;
				ASSETCATALOG_COMPILER_GLOBAL_ACCENT_COLOR_NAME = AccentColor;
				CODE_SIGN_STYLE = Automatic;
				CURRENT_PROJECT_VERSION = 1;
				GENERATE_INFOPLIST_FILE = YES;
				INFOPLIST_FILE = lec4/Info.plist;
				INFOPLIST_KEY_UIApplicationSupportsIndirectInputEvents = YES;
				INFOPLIST_KEY_UILaunchStoryboardName = LaunchScreen;
				INFOPLIST_KEY_UISupportedInterfaceOrientations_iPad = "UIInterfaceOrientationPortrait UIInterfaceOrientationPortraitUpsideDown UIInterfaceOrientationLandscapeLeft UIInterfaceOrientationLandscapeRight";
				INFOPLIST_KEY_UISupportedInterfaceOrientations_iPhone = "UIInterfaceOrientationPortrait UIInterfaceOrientationLandscapeLeft UIInterfaceOrientationLandscapeRight";
				IPHONEOS_DEPLOYMENT_TARGET = 14.0;
				LD_RUNPATH_SEARCH_PATHS = (
					"$(inherited)",
					"@executable_path/Frameworks",
				);
				MARKETING_VERSION = 1.0;
				PRODUCT_BUNDLE_IDENTIFIER = com.vinnie.lec4;
				PRODUCT_NAME = "$(TARGET_NAME)";
				SWIFT_EMIT_LOC_STRINGS = YES;
				SWIFT_VERSION = 5.0;
				TARGETED_DEVICE_FAMILY = "1,2";
			};
			name = Debug;
		};
		2E309ED52A313D5E00B1C34E /* Release */ = {
			isa = XCBuildConfiguration;
			buildSettings = {
				ASSETCATALOG_COMPILER_APPICON_NAME = AppIcon;
				ASSETCATALOG_COMPILER_GLOBAL_ACCENT_COLOR_NAME = AccentColor;
				CODE_SIGN_STYLE = Automatic;
				CURRENT_PROJECT_VERSION = 1;
				GENERATE_INFOPLIST_FILE = YES;
				INFOPLIST_FILE = lec4/Info.plist;
				INFOPLIST_KEY_UIApplicationSupportsIndirectInputEvents = YES;
				INFOPLIST_KEY_UILaunchStoryboardName = LaunchScreen;
				INFOPLIST_KEY_UISupportedInterfaceOrientations_iPad = "UIInterfaceOrientationPortrait UIInterfaceOrientationPortraitUpsideDown UIInterfaceOrientationLandscapeLeft UIInterfaceOrientationLandscapeRight";
				INFOPLIST_KEY_UISupportedInterfaceOrientations_iPhone = "UIInterfaceOrientationPortrait UIInterfaceOrientationLandscapeLeft UIInterfaceOrientationLandscapeRight";
				IPHONEOS_DEPLOYMENT_TARGET = 14.0;
				LD_RUNPATH_SEARCH_PATHS = (
					"$(inherited)",
					"@executable_path/Frameworks",
				);
				MARKETING_VERSION = 1.0;
				PRODUCT_BUNDLE_IDENTIFIER = com.vinnie.lec4;
				PRODUCT_NAME = "$(TARGET_NAME)";
				SWIFT_EMIT_LOC_STRINGS = YES;
				SWIFT_VERSION = 5.0;
				TARGETED_DEVICE_FAMILY = "1,2";
			};
			name = Release;
		};
/* End XCBuildConfiguration section */

/* Begin XCConfigurationList section */
		2E309EBA2A313D5D00B1C34E /* Build configuration list for PBXProject "lec4" */ = {
			isa = XCConfigurationList;
			buildConfigurations = (
				2E309ED12A313D5E00B1C34E /* Debug */,
				2E309ED22A313D5E00B1C34E /* Release */,
			);
			defaultConfigurationIsVisible = 0;
			defaultConfigurationName = Release;
		};
		2E309ED32A313D5E00B1C34E /* Build configuration list for PBXNativeTarget "lec4" */ = {
			isa = XCConfigurationList;
			buildConfigurations = (
				2E309ED42A313D5E00B1C34E /* Debug */,
				2E309ED52A313D5E00B1C34E /* Release */,
			);
			defaultConfigurationIsVisible = 0;
			defaultConfigurationName = Release;
		};
/* End XCConfigurationList section */
	};
	rootObject = 2E309EB72A313D5D00B1C34E /* Project object */;
}
